
Microsoft Visual Studio Solution File, Format Version 12.00
# Visual Studio Version 16
VisualStudioVersion = 16.0.31729.503
MinimumVisualStudioVersion = 10.0.40219.1
Project("{FAE04EC0-301F-11D3-BF4B-00C04F79EFBC}") = "Task_2", "Task_2\Task_2.csproj", "{3BD7F630-01D2-4F44-AFF4-B06A211BB2AA}"
EndProject
Global
	GlobalSection(SolutionConfigurationPlatforms) = preSolution
		Debug|Any CPU = Debug|Any CPU
		Release|Any CPU = Release|Any CPU
	EndGlobalSection
	GlobalSection(ProjectConfigurationPlatforms) = postSolution
		{3BD7F630-01D2-4F44-AFF4-B06A211BB2AA}.Debug|Any CPU.ActiveCfg = Debug|Any CPU
		{3BD7F630-01D2-4F44-AFF4-B06A211BB2AA}.Debug|Any CPU.Build.0 = Debug|Any CPU
		{3BD7F630-01D2-4F44-AFF4-B06A211BB2AA}.Release|Any CPU.ActiveCfg = Release|Any CPU
		{3BD7F630-01D2-4F44-AFF4-B06A211BB2AA}.Release|Any CPU.Build.0 = Release|Any CPU
	EndGlobalSection
	GlobalSection(SolutionProperties) = preSolution
		HideSolutionNode = FALSE
	EndGlobalSection
	GlobalSection(ExtensibilityGlobals) = postSolution
		SolutionGuid = {4215E08F-44F8-4FF7-9AF1-75D9A542691F}
	EndGlobalSection
EndGlobal
